
Microsoft Visual Studio Solution File, Format Version 12.00
# Visual Studio Version 17
VisualStudioVersion = 17.7.34202.233
MinimumVisualStudioVersion = 10.0.40219.1
Project("{FAE04EC0-301F-11D3-BF4B-00C04F79EFBC}") = "Tests", "Tests\Tests.csproj", "{432C6C58-3F4D-4D91-B07B-8E451FC8AECA}"
EndProject
Global
	GlobalSection(SolutionConfigurationPlatforms) = preSolution
		Debug|Any CPU = Debug|Any CPU
		Release|Any CPU = Release|Any CPU
	EndGlobalSection
	GlobalSection(ProjectConfigurationPlatforms) = postSolution
		{432C6C58-3F4D-4D91-B07B-8E451FC8AECA}.Debug|Any CPU.ActiveCfg = Debug|Any CPU
		{432C6C58-3F4D-4D91-B07B-8E451FC8AECA}.Debug|Any CPU.Build.0 = Debug|Any CPU
		{432C6C58-3F4D-4D91-B07B-8E451FC8AECA}.Release|Any CPU.ActiveCfg = Release|Any CPU
		{432C6C58-3F4D-4D91-B07B-8E451FC8AECA}.Release|Any CPU.Build.0 = Release|Any CPU
	EndGlobalSection
	GlobalSection(SolutionProperties) = preSolution
		HideSolutionNode = FALSE
	EndGlobalSection
	GlobalSection(ExtensibilityGlobals) = postSolution
		SolutionGuid = {1E085DFE-E8DB-4720-A164-C4666075CDD5}
	EndGlobalSection
EndGlobal
